// !$*UTF8*$!
{
	archiveVersion = 1;
	classes = {
	};
	objectVersion = 55;
	objects = {

/* Begin PBXBuildFile section */
		AD195FF827F8639600326E57 /* client.c in Sources */ = {isa = PBXBuildFile; fileRef = AD195FF727F8639600326E57 /* client.c */; };
		AD195FFA27F863B200326E57 /* server.c in Sources */ = {isa = PBXBuildFile; fileRef = AD195FF927F863B200326E57 /* server.c */; };
		AD568C2F27F9E6DA0038AF9C /* server.c in Sources */ = {isa = PBXBuildFile; fileRef = AD568C2E27F9E6DA0038AF9C /* server.c */; };
		AD568C3127F9E7270038AF9C /* client.c in Sources */ = {isa = PBXBuildFile; fileRef = AD568C3027F9E7270038AF9C /* client.c */; };
/* End PBXBuildFile section */

/* Begin PBXCopyFilesBuildPhase section */
		AD195FEB27F8568000326E57 /* CopyFiles */ = {
			isa = PBXCopyFilesBuildPhase;
			buildActionMask = 2147483647;
			dstPath = /usr/share/man/man1/;
			dstSubfolderSpec = 0;
			files = (
			);
			runOnlyForDeploymentPostprocessing = 1;
		};
/* End PBXCopyFilesBuildPhase section */

/* Begin PBXFileReference section */
		AD195FED27F8568000326E57 /* socket-programming */ = {isa = PBXFileReference; explicitFileType = "compiled.mach-o.executable"; includeInIndex = 0; path = "socket-programming"; sourceTree = BUILT_PRODUCTS_DIR; };
		AD195FF727F8639600326E57 /* client.c */ = {isa = PBXFileReference; fileEncoding = 4; lastKnownFileType = sourcecode.c.c; path = client.c; sourceTree = "<group>"; };
		AD195FF927F863B200326E57 /* server.c */ = {isa = PBXFileReference; lastKnownFileType = sourcecode.c.c; path = server.c; sourceTree = "<group>"; };
		AD568C2E27F9E6DA0038AF9C /* server.c */ = {isa = PBXFileReference; lastKnownFileType = sourcecode.c.c; name = server.c; path = "socket-programming2/server.c"; sourceTree = SOURCE_ROOT; };
		AD568C3027F9E7270038AF9C /* client.c */ = {isa = PBXFileReference; lastKnownFileType = sourcecode.c.c; name = client.c; path = "socket-programming2/client.c"; sourceTree = SOURCE_ROOT; };
/* End PBXFileReference section */

/* Begin PBXFrameworksBuildPhase section */
		AD195FEA27F8568000326E57 /* Frameworks */ = {
			isa = PBXFrameworksBuildPhase;
			buildActionMask = 2147483647;
			files = (
			);
			runOnlyForDeploymentPostprocessing = 0;
		};
/* End PBXFrameworksBuildPhase section */

/* Begin PBXGroup section */
		AD195FE427F8568000326E57 = {
			isa = PBXGroup;
			children = (
				AD568C2D27F9E6770038AF9C /* New Group */,
				AD195FEF27F8568000326E57 /* socket-programming */,
				AD195FEE27F8568000326E57 /* Products */,
			);
			sourceTree = "<group>";
		};
		AD195FEE27F8568000326E57 /* Products */ = {
			isa = PBXGroup;
			children = (
				AD195FED27F8568000326E57 /* socket-programming */,
			);
			name = Products;
			sourceTree = "<group>";
		};
		AD195FEF27F8568000326E57 /* socket-programming */ = {
			isa = PBXGroup;
			children = (
				AD195FF727F8639600326E57 /* client.c */,
				AD195FF927F863B200326E57 /* server.c */,
			);
			path = "socket-programming";
			sourceTree = "<group>";
		};
		AD568C2D27F9E6770038AF9C /* New Group */ = {
			isa = PBXGroup;
			children = (
				AD568C2E27F9E6DA0038AF9C /* server.c */,
				AD568C3027F9E7270038AF9C /* client.c */,
			);
			path = "New Group";
			sourceTree = "<group>";
		};
/* End PBXGroup section */

/* Begin PBXNativeTarget section */
		AD195FEC27F8568000326E57 /* socket-programming */ = {
			isa = PBXNativeTarget;
			buildConfigurationList = AD195FF427F8568000326E57 /* Build configuration list for PBXNativeTarget "socket-programming" */;
			buildPhases = (
				AD195FE927F8568000326E57 /* Sources */,
				AD195FEA27F8568000326E57 /* Frameworks */,
				AD195FEB27F8568000326E57 /* CopyFiles */,
			);
			buildRules = (
			);
			dependencies = (
			);
			name = "socket-programming";
			productName = "socket-programming";
			productReference = AD195FED27F8568000326E57 /* socket-programming */;
			productType = "com.apple.product-type.tool";
		};
/* End PBXNativeTarget section */

/* Begin PBXProject section */
		AD195FE527F8568000326E57 /* Project object */ = {
			isa = PBXProject;
			attributes = {
				BuildIndependentTargetsInParallel = 1;
				LastUpgradeCheck = 1330;
				TargetAttributes = {
					AD195FEC27F8568000326E57 = {
						CreatedOnToolsVersion = 13.3;
					};
				};
			};
			buildConfigurationList = AD195FE827F8568000326E57 /* Build configuration list for PBXProject "socket-programming" */;
			compatibilityVersion = "Xcode 13.0";
			developmentRegion = en;
			hasScannedForEncodings = 0;
			knownRegions = (
				en,
				Base,
			);
			mainGroup = AD195FE427F8568000326E57;
			productRefGroup = AD195FEE27F8568000326E57 /* Products */;
			projectDirPath = "";
			projectRoot = "";
			targets = (
				AD195FEC27F8568000326E57 /* socket-programming */,
			);
		};
/* End PBXProject section */

/* Begin PBXSourcesBuildPhase section */
		AD195FE927F8568000326E57 /* Sources */ = {
			isa = PBXSourcesBuildPhase;
			buildActionMask = 2147483647;
			files = (
				AD568C3127F9E7270038AF9C /* client.c in Sources */,
				AD195FFA27F863B200326E57 /* server.c in Sources */,
				AD568C2F27F9E6DA0038AF9C /* server.c in Sources */,
				AD195FF827F8639600326E57 /* client.c in Sources */,
			);
			runOnlyForDeploymentPostprocessing = 0;
		};
/* End PBXSourcesBuildPhase section */

/* Begin XCBuildConfiguration section */
		AD195FF227F8568000326E57 /* Debug */ = {
			isa = XCBuildConfiguration;
			buildSettings = {
				ALWAYS_SEARCH_USER_PATHS = NO;
				CLANG_ANALYZER_NONNULL = YES;
				CLANG_ANALYZER_NUMBER_OBJECT_CONVERSION = YES_AGGRESSIVE;
				CLANG_CXX_LANGUAGE_STANDARD = "gnu++17";
				CLANG_ENABLE_MODULES = YES;
				CLANG_ENABLE_OBJC_ARC = YES;
				CLANG_ENABLE_OBJC_WEAK = YES;
				CLANG_WARN_BLOCK_CAPTURE_AUTORELEASING = YES;
				CLANG_WARN_BOOL_CONVERSION = YES;
				CLANG_WARN_COMMA = YES;
				CLANG_WARN_CONSTANT_CONVERSION = YES;
				CLANG_WARN_DEPRECATED_OBJC_IMPLEMENTATIONS = YES;
				CLANG_WARN_DIRECT_OBJC_ISA_USAGE = YES_ERROR;
				CLANG_WARN_DOCUMENTATION_COMMENTS = YES;
				CLANG_WARN_EMPTY_BODY = YES;
				CLANG_WARN_ENUM_CONVERSION = YES;
				CLANG_WARN_INFINITE_RECURSION = YES;
				CLANG_WARN_INT_CONVERSION = YES;
				CLANG_WARN_NON_LITERAL_NULL_CONVERSION = YES;
				CLANG_WARN_OBJC_IMPLICIT_RETAIN_SELF = YES;
				CLANG_WARN_OBJC_LITERAL_CONVERSION = YES;
				CLANG_WARN_OBJC_ROOT_CLASS = YES_ERROR;
				CLANG_WARN_QUOTED_INCLUDE_IN_FRAMEWORK_HEADER = YES;
				CLANG_WARN_RANGE_LOOP_ANALYSIS = YES;
				CLANG_WARN_STRICT_PROTOTYPES = YES;
				CLANG_WARN_SUSPICIOUS_MOVE = YES;
				CLANG_WARN_UNGUARDED_AVAILABILITY = YES_AGGRESSIVE;
				CLANG_WARN_UNREACHABLE_CODE = YES;
				CLANG_WARN__DUPLICATE_METHOD_MATCH = YES;
				COPY_PHASE_STRIP = NO;
				DEBUG_INFORMATION_FORMAT = dwarf;
				ENABLE_STRICT_OBJC_MSGSEND = YES;
				ENABLE_TESTABILITY = YES;
				GCC_C_LANGUAGE_STANDARD = gnu11;
				GCC_DYNAMIC_NO_PIC = NO;
				GCC_NO_COMMON_BLOCKS = YES;
				GCC_OPTIMIZATION_LEVEL = 0;
				GCC_PREPROCESSOR_DEFINITIONS = (
					"DEBUG=1",
					"$(inherited)",
				);
				GCC_WARN_64_TO_32_BIT_CONVERSION = YES;
				GCC_WARN_ABOUT_RETURN_TYPE = YES_ERROR;
				GCC_WARN_UNDECLARED_SELECTOR = YES;
				GCC_WARN_UNINITIALIZED_AUTOS = YES_AGGRESSIVE;
				GCC_WARN_UNUSED_FUNCTION = YES;
				GCC_WARN_UNUSED_VARIABLE = YES;
				MACOSX_DEPLOYMENT_TARGET = 12.3;
				MTL_ENABLE_DEBUG_INFO = INCLUDE_SOURCE;
				MTL_FAST_MATH = YES;
				ONLY_ACTIVE_ARCH = YES;
				SDKROOT = macosx;
			};
			name = Debug;
		};
		AD195FF327F8568000326E57 /* Release */ = {
			isa = XCBuildConfiguration;
			buildSettings = {
				ALWAYS_SEARCH_USER_PATHS = NO;
				CLANG_ANALYZER_NONNULL = YES;
				CLANG_ANALYZER_NUMBER_OBJECT_CONVERSION = YES_AGGRESSIVE;
				CLANG_CXX_LANGUAGE_STANDARD = "gnu++17";
				CLANG_ENABLE_MODULES = YES;
				CLANG_ENABLE_OBJC_ARC = YES;
				CLANG_ENABLE_OBJC_WEAK = YES;
				CLANG_WARN_BLOCK_CAPTURE_AUTORELEASING = YES;
				CLANG_WARN_BOOL_CONVERSION = YES;
				CLANG_WARN_COMMA = YES;
				CLANG_WARN_CONSTANT_CONVERSION = YES;
				CLANG_WARN_DEPRECATED_OBJC_IMPLEMENTATIONS = YES;
				CLANG_WARN_DIRECT_OBJC_ISA_USAGE = YES_ERROR;
				CLANG_WARN_DOCUMENTATION_COMMENTS = YES;
				CLANG_WARN_EMPTY_BODY = YES;
				CLANG_WARN_ENUM_CONVERSION = YES;
				CLANG_WARN_INFINITE_RECURSION = YES;
				CLANG_WARN_INT_CONVERSION = YES;
				CLANG_WARN_NON_LITERAL_NULL_CONVERSION = YES;
				CLANG_WARN_OBJC_IMPLICIT_RETAIN_SELF = YES;
				CLANG_WARN_OBJC_LITERAL_CONVERSION = YES;
				CLANG_WARN_OBJC_ROOT_CLASS = YES_ERROR;
				CLANG_WARN_QUOTED_INCLUDE_IN_FRAMEWORK_HEADER = YES;
				CLANG_WARN_RANGE_LOOP_ANALYSIS = YES;
				CLANG_WARN_STRICT_PROTOTYPES = YES;
				CLANG_WARN_SUSPICIOUS_MOVE = YES;
				CLANG_WARN_UNGUARDED_AVAILABILITY = YES_AGGRESSIVE;
				CLANG_WARN_UNREACHABLE_CODE = YES;
				CLANG_WARN__DUPLICATE_METHOD_MATCH = YES;
				COPY_PHASE_STRIP = NO;
				DEBUG_INFORMATION_FORMAT = "dwarf-with-dsym";
				ENABLE_NS_ASSERTIONS = NO;
				ENABLE_STRICT_OBJC_MSGSEND = YES;
				GCC_C_LANGUAGE_STANDARD = gnu11;
				GCC_NO_COMMON_BLOCKS = YES;
				GCC_WARN_64_TO_32_BIT_CONVERSION = YES;
				GCC_WARN_ABOUT_RETURN_TYPE = YES_ERROR;
				GCC_WARN_UNDECLARED_SELECTOR = YES;
				GCC_WARN_UNINITIALIZED_AUTOS = YES_AGGRESSIVE;
				GCC_WARN_UNUSED_FUNCTION = YES;
				GCC_WARN_UNUSED_VARIABLE = YES;
				MACOSX_DEPLOYMENT_TARGET = 12.3;
				MTL_ENABLE_DEBUG_INFO = NO;
				MTL_FAST_MATH = YES;
				SDKROOT = macosx;
			};
			name = Release;
		};
		AD195FF527F8568000326E57 /* Debug */ = {
			isa = XCBuildConfiguration;
			buildSettings = {
				CODE_SIGN_STYLE = Automatic;
				DEVELOPMENT_TEAM = 5V4P3G68M6;
				ENABLE_HARDENED_RUNTIME = YES;
				PRODUCT_NAME = "$(TARGET_NAME)";
			};
			name = Debug;
		};
		AD195FF627F8568000326E57 /* Release */ = {
			isa = XCBuildConfiguration;
			buildSettings = {
				CODE_SIGN_STYLE = Automatic;
				DEVELOPMENT_TEAM = 5V4P3G68M6;
				ENABLE_HARDENED_RUNTIME = YES;
				PRODUCT_NAME = "$(TARGET_NAME)";
			};
			name = Release;
		};
/* End XCBuildConfiguration section */

/* Begin XCConfigurationList section */
		AD195FE827F8568000326E57 /* Build configuration list for PBXProject "socket-programming" */ = {
			isa = XCConfigurationList;
			buildConfigurations = (
				AD195FF227F8568000326E57 /* Debug */,
				AD195FF327F8568000326E57 /* Release */,
			);
			defaultConfigurationIsVisible = 0;
			defaultConfigurationName = Release;
		};
		AD195FF427F8568000326E57 /* Build configuration list for PBXNativeTarget "socket-programming" */ = {
			isa = XCConfigurationList;
			buildConfigurations = (
				AD195FF527F8568000326E57 /* Debug */,
				AD195FF627F8568000326E57 /* Release */,
			);
			defaultConfigurationIsVisible = 0;
			defaultConfigurationName = Release;
		};
/* End XCConfigurationList section */
	};
	rootObject = AD195FE527F8568000326E57 /* Project object */;
}
